Microsoft Visual Studio Solution File, Format Version 12.00
# Visual Studio Version 17
VisualStudioVersion = 17.5.2.0
MinimumVisualStudioVersion = 10.0.40219.1
Project("{FAE04EC0-301F-11D3-BF4B-00C04F79EFBC}") = "BankReconcile-API", "BankReconcile-API\BankReconcile-API.csproj", "{5A464FDB-FEF0-AFDC-1D5F-659D93A0B9EF}"
EndProject
Global
	GlobalSection(SolutionConfigurationPlatforms) = preSolution
		Debug|Any CPU = Debug|Any CPU
		Release|Any CPU = Release|Any CPU
	EndGlobalSection
	GlobalSection(ProjectConfigurationPlatforms) = postSolution
		{5A464FDB-FEF0-AFDC-1D5F-659D93A0B9EF}.Debug|Any CPU.ActiveCfg = Debug|Any CPU
		{5A464FDB-FEF0-AFDC-1D5F-659D93A0B9EF}.Debug|Any CPU.Build.0 = Debug|Any CPU
		{5A464FDB-FEF0-AFDC-1D5F-659D93A0B9EF}.Release|Any CPU.ActiveCfg = Release|Any CPU
		{5A464FDB-FEF0-AFDC-1D5F-659D93A0B9EF}.Release|Any CPU.Build.0 = Release|Any CPU
	EndGlobalSection
	GlobalSection(SolutionProperties) = preSolution
		HideSolutionNode = FALSE
	EndGlobalSection
	GlobalSection(ExtensibilityGlobals) = postSolution
		SolutionGuid = {F4FAA0A4-21D6-4F3A-9C11-23DBE3274C9E}
	EndGlobalSection
EndGlobal
